// !$*UTF8*$!
{
	archiveVersion = 1;
	classes = {
	};
	objectVersion = 46;
	objects = {

/* Begin PBXBuildFile section */
		24CE75451EAD23E700A895EC /* AppDelegate.swift in Sources */ = {isa = PBXBuildFile; fileRef = 24CE75441EAD23E700A895EC /* AppDelegate.swift */; };
		24CE75471EAD23E700A895EC /* ViewController.swift in Sources */ = {isa = PBXBuildFile; fileRef = 24CE75461EAD23E700A895EC /* ViewController.swift */; };
		24CE754A1EAD23E700A895EC /* Main.storyboard in Resources */ = {isa = PBXBuildFile; fileRef = 24CE75481EAD23E700A895EC /* Main.storyboard */; };
		24CE754C1EAD23E700A895EC /* Assets.xcassets in Resources */ = {isa = PBXBuildFile; fileRef = 24CE754B1EAD23E700A895EC /* Assets.xcassets */; };
		24CE754F1EAD23E700A895EC /* LaunchScreen.storyboard in Resources */ = {isa = PBXBuildFile; fileRef = 24CE754D1EAD23E700A895EC /* LaunchScreen.storyboard */; };
		24CE755A1EAD23E700A895EC /* Cat_YearsTests.swift in Sources */ = {isa = PBXBuildFile; fileRef = 24CE75591EAD23E700A895EC /* Cat_YearsTests.swift */; };
		24CE75651EAD23E700A895EC /* Cat_YearsUITests.swift in Sources */ = {isa = PBXBuildFile; fileRef = 24CE75641EAD23E700A895EC /* Cat_YearsUITests.swift */; };
		24CE75731EAD266800A895EC /* 01-cat-wants-to-tell-you-laptop.jpg in Resources */ = {isa = PBXBuildFile; fileRef = 24CE75721EAD266800A895EC /* 01-cat-wants-to-tell-you-laptop.jpg */; };
/* End PBXBuildFile section */

/* Begin PBXContainerItemProxy section */
		24CE75561EAD23E700A895EC /* PBXContainerItemProxy */ = {
			isa = PBXContainerItemProxy;
			containerPortal = 24CE75391EAD23E600A895EC /* Project object */;
			proxyType = 1;
			remoteGlobalIDString = 24CE75401EAD23E600A895EC;
			remoteInfo = "Cat Years";
		};
		24CE75611EAD23E700A895EC /* PBXContainerItemProxy */ = {
			isa = PBXContainerItemProxy;
			containerPortal = 24CE75391EAD23E600A895EC /* Project object */;
			proxyType = 1;
			remoteGlobalIDString = 24CE75401EAD23E600A895EC;
			remoteInfo = "Cat Years";
		};
/* End PBXContainerItemProxy section */

/* Begin PBXFileReference section */
		24CE75411EAD23E700A895EC /* Cat Years.app */ = {isa = PBXFileReference; explicitFileType = wrapper.application; includeInIndex = 0; path = "Cat Years.app"; sourceTree = BUILT_PRODUCTS_DIR; };
		24CE75441EAD23E700A895EC /* AppDelegate.swift */ = {isa = PBXFileReference; lastKnownFileType = sourcecode.swift; path = AppDelegate.swift; sourceTree = "<group>"; };
		24CE75461EAD23E700A895EC /* ViewController.swift */ = {isa = PBXFileReference; lastKnownFileType = sourcecode.swift; path = ViewController.swift; sourceTree = "<group>"; };
		24CE75491EAD23E700A895EC /* Base */ = {isa = PBXFileReference; lastKnownFileType = file.storyboard; name = Base; path = Base.lproj/Main.storyboard; sourceTree = "<group>"; };
		24CE754B1EAD23E700A895EC /* Assets.xcassets */ = {isa = PBXFileReference; lastKnownFileType = folder.assetcatalog; path = Assets.xcassets; sourceTree = "<group>"; };
		24CE754E1EAD23E700A895EC /* Base */ = {isa = PBXFileReference; lastKnownFileType = file.storyboard; name = Base; path = Base.lproj/LaunchScreen.storyboard; sourceTree = "<group>"; };
		24CE75501EAD23E700A895EC /* Info.plist */ = {isa = PBXFileReference; lastKnownFileType = text.plist.xml; path = Info.plist; sourceTree = "<group>"; };
		24CE75551EAD23E700A895EC /* Cat YearsTests.xctest */ = {isa = PBXFileReference; explicitFileType = wrapper.cfbundle; includeInIndex = 0; path = "Cat YearsTests.xctest"; sourceTree = BUILT_PRODUCTS_DIR; };
		24CE75591EAD23E700A895EC /* Cat_YearsTests.swift */ = {isa = PBXFileReference; lastKnownFileType = sourcecode.swift; path = Cat_YearsTests.swift; sourceTree = "<group>"; };
		24CE755B1EAD23E700A895EC /* Info.plist */ = {isa = PBXFileReference; lastKnownFileType = text.plist.xml; path = Info.plist; sourceTree = "<group>"; };
		24CE75601EAD23E700A895EC /* Cat YearsUITests.xctest */ = {isa = PBXFileReference; explicitFileType = wrapper.cfbundle; includeInIndex = 0; path = "Cat YearsUITests.xctest"; sourceTree = BUILT_PRODUCTS_DIR; };
		24CE75641EAD23E700A895EC /* Cat_YearsUITests.swift */ = {isa = PBXFileReference; lastKnownFileType = sourcecode.swift; path = Cat_YearsUITests.swift; sourceTree = "<group>"; };
		24CE75661EAD23E700A895EC /* Info.plist */ = {isa = PBXFileReference; lastKnownFileType = text.plist.xml; path = Info.plist; sourceTree = "<group>"; };
		24CE75721EAD266800A895EC /* 01-cat-wants-to-tell-you-laptop.jpg */ = {isa = PBXFileReference; lastKnownFileType = image.jpeg; name = "01-cat-wants-to-tell-you-laptop.jpg"; path = "../../../Downloads/01-cat-wants-to-tell-you-laptop.jpg"; sourceTree = "<group>"; };
/* End PBXFileReference section */

/* Begin PBXFrameworksBuildPhase section */
		24CE753E1EAD23E600A895EC /* Frameworks */ = {
			isa = PBXFrameworksBuildPhase;
			buildActionMask = 2147483647;
			files = (
			);
			runOnlyForDeploymentPostprocessing = 0;
		};
		24CE75521EAD23E700A895EC /* Frameworks */ = {
			isa = PBXFrameworksBuildPhase;
			buildActionMask = 2147483647;
			files = (
			);
			runOnlyForDeploymentPostprocessing = 0;
		};
		24CE755D1EAD23E700A895EC /* Frameworks */ = {
			isa = PBXFrameworksBuildPhase;
			buildActionMask = 2147483647;
			files = (
			);
			runOnlyForDeploymentPostprocessing = 0;
		};
/* End PBXFrameworksBuildPhase section */

/* Begin PBXGroup section */
		24CE75381EAD23E600A895EC = {
			isa = PBXGroup;
			children = (
				24CE75431EAD23E700A895EC /* Cat Years */,
				24CE75581EAD23E700A895EC /* Cat YearsTests */,
				24CE75631EAD23E700A895EC /* Cat YearsUITests */,
				24CE75421EAD23E700A895EC /* Products */,
			);
			sourceTree = "<group>";
		};
		24CE75421EAD23E700A895EC /* Products */ = {
			isa = PBXGroup;
			children = (
				24CE75411EAD23E700A895EC /* Cat Years.app */,
				24CE75551EAD23E700A895EC /* Cat YearsTests.xctest */,
				24CE75601EAD23E700A895EC /* Cat YearsUITests.xctest */,
			);
			name = Products;
			sourceTree = "<group>";
		};
		24CE75431EAD23E700A895EC /* Cat Years */ = {
			isa = PBXGroup;
			children = (
				24CE75441EAD23E700A895EC /* AppDelegate.swift */,
				24CE75461EAD23E700A895EC /* ViewController.swift */,
				24CE75481EAD23E700A895EC /* Main.storyboard */,
				24CE754B1EAD23E700A895EC /* Assets.xcassets */,
				24CE754D1EAD23E700A895EC /* LaunchScreen.storyboard */,
				24CE75721EAD266800A895EC /* 01-cat-wants-to-tell-you-laptop.jpg */,
				24CE75501EAD23E700A895EC /* Info.plist */,
			);
			path = "Cat Years";
			sourceTree = "<group>";
		};
		24CE75581EAD23E700A895EC /* Cat YearsTests */ = {
			isa = PBXGroup;
			children = (
				24CE75591EAD23E700A895EC /* Cat_YearsTests.swift */,
				24CE755B1EAD23E700A895EC /* Info.plist */,
			);
			path = "Cat YearsTests";
			sourceTree = "<group>";
		};
		24CE75631EAD23E700A895EC /* Cat YearsUITests */ = {
			isa = PBXGroup;
			children = (
				24CE75641EAD23E700A895EC /* Cat_YearsUITests.swift */,
				24CE75661EAD23E700A895EC /* Info.plist */,
			);
			path = "Cat YearsUITests";
			sourceTree = "<group>";
		};
/* End PBXGroup section */

/* Begin PBXNativeTarget section */
		24CE75401EAD23E600A895EC /* Cat Years */ = {
			isa = PBXNativeTarget;
			buildConfigurationList = 24CE75691EAD23E700A895EC /* Build configuration list for PBXNativeTarget "Cat Years" */;
			buildPhases = (
				24CE753D1EAD23E600A895EC /* Sources */,
				24CE753E1EAD23E600A895EC /* Frameworks */,
				24CE753F1EAD23E600A895EC /* Resources */,
			);
			buildRules = (
			);
			dependencies = (
			);
			name = "Cat Years";
			productName = "Cat Years";
			productReference = 24CE75411EAD23E700A895EC /* Cat Years.app */;
			productType = "com.apple.product-type.application";
		};
		24CE75541EAD23E700A895EC /* Cat YearsTests */ = {
			isa = PBXNativeTarget;
			buildConfigurationList = 24CE756C1EAD23E700A895EC /* Build configuration list for PBXNativeTarget "Cat YearsTests" */;
			buildPhases = (
				24CE75511EAD23E700A895EC /* Sources */,
				24CE75521EAD23E700A895EC /* Frameworks */,
				24CE75531EAD23E700A895EC /* Resources */,
			);
			buildRules = (
			);
			dependencies = (
				24CE75571EAD23E700A895EC /* PBXTargetDependency */,
			);
			name = "Cat YearsTests";
			productName = "Cat YearsTests";
			productReference = 24CE75551EAD23E700A895EC /* Cat YearsTests.xctest */;
			productType = "com.apple.product-type.bundle.unit-test";
		};
		24CE755F1EAD23E700A895EC /* Cat YearsUITests */ = {
			isa = PBXNativeTarget;
			buildConfigurationList = 24CE756F1EAD23E700A895EC /* Build configuration list for PBXNativeTarget "Cat YearsUITests" */;
			buildPhases = (
				24CE755C1EAD23E700A895EC /* Sources */,
				24CE755D1EAD23E700A895EC /* Frameworks */,
				24CE755E1EAD23E700A895EC /* Resources */,
			);
			buildRules = (
			);
			dependencies = (
				24CE75621EAD23E700A895EC /* PBXTargetDependency */,
			);
			name = "Cat YearsUITests";
			productName = "Cat YearsUITests";
			productReference = 24CE75601EAD23E700A895EC /* Cat YearsUITests.xctest */;
			productType = "com.apple.product-type.bundle.ui-testing";
		};
/* End PBXNativeTarget section */

/* Begin PBXProject section */
		24CE75391EAD23E600A895EC /* Project object */ = {
			isa = PBXProject;
			attributes = {
				LastSwiftUpdateCheck = 0830;
				LastUpgradeCheck = 0830;
				ORGANIZATIONNAME = "Nikhil Singh";
				TargetAttributes = {
					24CE75401EAD23E600A895EC = {
						CreatedOnToolsVersion = 8.3;
						ProvisioningStyle = Automatic;
					};
					24CE75541EAD23E700A895EC = {
						CreatedOnToolsVersion = 8.3;
						ProvisioningStyle = Automatic;
						TestTargetID = 24CE75401EAD23E600A895EC;
					};
					24CE755F1EAD23E700A895EC = {
						CreatedOnToolsVersion = 8.3;
						ProvisioningStyle = Automatic;
						TestTargetID = 24CE75401EAD23E600A895EC;
					};
				};
			};
			buildConfigurationList = 24CE753C1EAD23E600A895EC /* Build configuration list for PBXProject "Cat Years" */;
			compatibilityVersion = "Xcode 3.2";
			developmentRegion = English;
			hasScannedForEncodings = 0;
			knownRegions = (
				en,
				Base,
			);
			mainGroup = 24CE75381EAD23E600A895EC;
			productRefGroup = 24CE75421EAD23E700A895EC /* Products */;
			projectDirPath = "";
			projectRoot = "";
			targets = (
				24CE75401EAD23E600A895EC /* Cat Years */,
				24CE75541EAD23E700A895EC /* Cat YearsTests */,
				24CE755F1EAD23E700A895EC /* Cat YearsUITests */,
			);
		};
/* End PBXProject section */

/* Begin PBXResourcesBuildPhase section */
		24CE753F1EAD23E600A895EC /* Resources */ = {
			isa = PBXResourcesBuildPhase;
			buildActionMask = 2147483647;
			files = (
				24CE754F1EAD23E700A895EC /* LaunchScreen.storyboard in Resources */,
				24CE754C1EAD23E700A895EC /* Assets.xcassets in Resources */,
				24CE754A1EAD23E700A895EC /* Main.storyboard in Resources */,
				24CE75731EAD266800A895EC /* 01-cat-wants-to-tell-you-laptop.jpg in Resources */,
			);
			runOnlyForDeploymentPostprocessing = 0;
		};
		24CE75531EAD23E700A895EC /* Resources */ = {
			isa = PBXResourcesBuildPhase;
			buildActionMask = 2147483647;
			files = (
			);
			runOnlyForDeploymentPostprocessing = 0;
		};
		24CE755E1EAD23E700A895EC /* Resources */ = {
			isa = PBXResourcesBuildPhase;
			buildActionMask = 2147483647;
			files = (
			);
			runOnlyForDeploymentPostprocessing = 0;
		};
/* End PBXResourcesBuildPhase section */

/* Begin PBXSourcesBuildPhase section */
		24CE753D1EAD23E600A895EC /* Sources */ = {
			isa = PBXSourcesBuildPhase;
			buildActionMask = 2147483647;
			files = (
				24CE75471EAD23E700A895EC /* ViewController.swift in Sources */,
				24CE75451EAD23E700A895EC /* AppDelegate.swift in Sources */,
			);
			runOnlyForDeploymentPostprocessing = 0;
		};
		24CE75511EAD23E700A895EC /* Sources */ = {
			isa = PBXSourcesBuildPhase;
			buildActionMask = 2147483647;
			files = (
				24CE755A1EAD23E700A895EC /* Cat_YearsTests.swift in Sources */,
			);
			runOnlyForDeploymentPostprocessing = 0;
		};
		24CE755C1EAD23E700A895EC /* Sources */ = {
			isa = PBXSourcesBuildPhase;
			buildActionMask = 2147483647;
			files = (
				24CE75651EAD23E700A895EC /* Cat_YearsUITests.swift in Sources */,
			);
			runOnlyForDeploymentPostprocessing = 0;
		};
/* End PBXSourcesBuildPhase section */

/* Begin PBXTargetDependency section */
		24CE75571EAD23E700A895EC /* PBXTargetDependency */ = {
			isa = PBXTargetDependency;
			target = 24CE75401EAD23E600A895EC /* Cat Years */;
			targetProxy = 24CE75561EAD23E700A895EC /* PBXContainerItemProxy */;
		};
		24CE75621EAD23E700A895EC /* PBXTargetDependency */ = {
			isa = PBXTargetDependency;
			target = 24CE75401EAD23E600A895EC /* Cat Years */;
			targetProxy = 24CE75611EAD23E700A895EC /* PBXContainerItemProxy */;
		};
/* End PBXTargetDependency section */

/* Begin PBXVariantGroup section */
		24CE75481EAD23E700A895EC /* Main.storyboard */ = {
			isa = PBXVariantGroup;
			children = (
				24CE75491EAD23E700A895EC /* Base */,
			);
			name = Main.storyboard;
			sourceTree = "<group>";
		};
		24CE754D1EAD23E700A895EC /* LaunchScreen.storyboard */ = {
			isa = PBXVariantGroup;
			children = (
				24CE754E1EAD23E700A895EC /* Base */,
			);
			name = LaunchScreen.storyboard;
			sourceTree = "<group>";
		};
/* End PBXVariantGroup section */

/* Begin XCBuildConfiguration section */
		24CE75671EAD23E700A895EC /* Debug */ = {
			isa = XCBuildConfiguration;
			buildSettings = {
				ALWAYS_SEARCH_USER_PATHS = NO;
				CLANG_ANALYZER_NONNULL = YES;
				CLANG_ANALYZER_NUMBER_OBJECT_CONVERSION = YES_AGGRESSIVE;
				CLANG_CXX_LANGUAGE_STANDARD = "gnu++0x";
				CLANG_CXX_LIBRARY = "libc++";
				CLANG_ENABLE_MODULES = YES;
				CLANG_ENABLE_OBJC_ARC = YES;
				CLANG_WARN_BOOL_CONVERSION = YES;
				CLANG_WARN_CONSTANT_CONVERSION = YES;
				CLANG_WARN_DIRECT_OBJC_ISA_USAGE = YES_ERROR;
				CLANG_WARN_DOCUMENTATION_COMMENTS = YES;
				CLANG_WARN_EMPTY_BODY = YES;
				CLANG_WARN_ENUM_CONVERSION = YES;
				CLANG_WARN_INFINITE_RECURSION = YES;
				CLANG_WARN_INT_CONVERSION = YES;
				CLANG_WARN_OBJC_ROOT_CLASS = YES_ERROR;
				CLANG_WARN_SUSPICIOUS_MOVE = YES;
				CLANG_WARN_UNREACHABLE_CODE = YES;
				CLANG_WARN__DUPLICATE_METHOD_MATCH = YES;
				"CODE_SIGN_IDENTITY[sdk=iphoneos*]" = "iPhone Developer";
				COPY_PHASE_STRIP = NO;
				DEBUG_INFORMATION_FORMAT = dwarf;
				ENABLE_STRICT_OBJC_MSGSEND = YES;
				ENABLE_TESTABILITY = YES;
				GCC_C_LANGUAGE_STANDARD = gnu99;
				GCC_DYNAMIC_NO_PIC = NO;
				GCC_NO_COMMON_BLOCKS = YES;
				GCC_OPTIMIZATION_LEVEL = 0;
				GCC_PREPROCESSOR_DEFINITIONS = (
					"DEBUG=1",
					"$(inherited)",
				);
				GCC_WARN_64_TO_32_BIT_CONVERSION = YES;
				GCC_WARN_ABOUT_RETURN_TYPE = YES_ERROR;
				GCC_WARN_UNDECLARED_SELECTOR = YES;
				GCC_WARN_UNINITIALIZED_AUTOS = YES_AGGRESSIVE;
				GCC_WARN_UNUSED_FUNCTION = YES;
				GCC_WARN_UNUSED_VARIABLE = YES;
				IPHONEOS_DEPLOYMENT_TARGET = 10.3;
				MTL_ENABLE_DEBUG_INFO = YES;
				ONLY_ACTIVE_ARCH = YES;
				SDKROOT = iphoneos;
				SWIFT_ACTIVE_COMPILATION_CONDITIONS = DEBUG;
				SWIFT_OPTIMIZATION_LEVEL = "-Onone";
				TARGETED_DEVICE_FAMILY = "1,2";
			};
			name = Debug;
		};
		24CE75681EAD23E700A895EC /* Release */ = {
			isa = XCBuildConfiguration;
			buildSettings = {
				ALWAYS_SEARCH_USER_PATHS = NO;
				CLANG_ANALYZER_NONNULL = YES;
				CLANG_ANALYZER_NUMBER_OBJECT_CONVERSION = YES_AGGRESSIVE;
				CLANG_CXX_LANGUAGE_STANDARD = "gnu++0x";
				CLANG_CXX_LIBRARY = "libc++";
				CLANG_ENABLE_MODULES = YES;
				CLANG_ENABLE_OBJC_ARC = YES;
				CLANG_WARN_BOOL_CONVERSION = YES;
				CLANG_WARN_CONSTANT_CONVERSION = YES;
				CLANG_WARN_DIRECT_OBJC_ISA_USAGE = YES_ERROR;
				CLANG_WARN_DOCUMENTATION_COMMENTS = YES;
				CLANG_WARN_EMPTY_BODY = YES;
				CLANG_WARN_ENUM_CONVERSION = YES;
				CLANG_WARN_INFINITE_RECURSION = YES;
				CLANG_WARN_INT_CONVERSION = YES;
				CLANG_WARN_OBJC_ROOT_CLASS = YES_ERROR;
				CLANG_WARN_SUSPICIOUS_MOVE = YES;
				CLANG_WARN_UNREACHABLE_CODE = YES;
				CLANG_WARN__DUPLICATE_METHOD_MATCH = YES;
				"CODE_SIGN_IDENTITY[sdk=iphoneos*]" = "iPhone Developer";
				COPY_PHASE_STRIP = NO;
				DEBUG_INFORMATION_FORMAT = "dwarf-with-dsym";
				ENABLE_NS_ASSERTIONS = NO;
				ENABLE_STRICT_OBJC_MSGSEND = YES;
				GCC_C_LANGUAGE_STANDARD = gnu99;
				GCC_NO_COMMON_BLOCKS = YES;
				GCC_WARN_64_TO_32_BIT_CONVERSION = YES;
				GCC_WARN_ABOUT_RETURN_TYPE = YES_ERROR;
				GCC_WARN_UNDECLARED_SELECTOR = YES;
				GCC_WARN_UNINITIALIZED_AUTOS = YES_AGGRESSIVE;
				GCC_WARN_UNUSED_FUNCTION = YES;
				GCC_WARN_UNUSED_VARIABLE = YES;
				IPHONEOS_DEPLOYMENT_TARGET = 10.3;
				MTL_ENABLE_DEBUG_INFO = NO;
				SDKROOT = iphoneos;
				SWIFT_OPTIMIZATION_LEVEL = "-Owholemodule";
				TARGETED_DEVICE_FAMILY = "1,2";
				VALIDATE_PRODUCT = YES;
			};
			name = Release;
		};
		24CE756A1EAD23E700A895EC /* Debug */ = {
			isa = XCBuildConfiguration;
			buildSettings = {
				ASSETCATALOG_COMPILER_APPICON_NAME = AppIcon;
				INFOPLIST_FILE = "Cat Years/Info.plist";
				LD_RUNPATH_SEARCH_PATHS = "$(inherited) @executable_path/Frameworks";
				PRODUCT_BUNDLE_IDENTIFIER = "Nik.Cat-Years";
				PRODUCT_NAME = "$(TARGET_NAME)";
				SWIFT_VERSION = 3.0;
			};
			name = Debug;
		};
		24CE756B1EAD23E700A895EC /* Release */ = {
			isa = XCBuildConfiguration;
			buildSettings = {
				ASSETCATALOG_COMPILER_APPICON_NAME = AppIcon;
				INFOPLIST_FILE = "Cat Years/Info.plist";
				LD_RUNPATH_SEARCH_PATHS = "$(inherited) @executable_path/Frameworks";
				PRODUCT_BUNDLE_IDENTIFIER = "Nik.Cat-Years";
				PRODUCT_NAME = "$(TARGET_NAME)";
				SWIFT_VERSION = 3.0;
			};
			name = Release;
		};
		24CE756D1EAD23E700A895EC /* Debug */ = {
			isa = XCBuildConfiguration;
			buildSettings = {
				ALWAYS_EMBED_SWIFT_STANDARD_LIBRARIES = YES;
				BUNDLE_LOADER = "$(TEST_HOST)";
				INFOPLIST_FILE = "Cat YearsTests/Info.plist";
				LD_RUNPATH_SEARCH_PATHS = "$(inherited) @executable_path/Frameworks @loader_path/Frameworks";
				PRODUCT_BUNDLE_IDENTIFIER = "Nik.Cat-YearsTests";
				PRODUCT_NAME = "$(TARGET_NAME)";
				SWIFT_VERSION = 3.0;
				TEST_HOST = "$(BUILT_PRODUCTS_DIR)/Cat Years.app/Cat Years";
			};
			name = Debug;
		};
		24CE756E1EAD23E700A895EC /* Release */ = {
			isa = XCBuildConfiguration;
			buildSettings = {
				ALWAYS_EMBED_SWIFT_STANDARD_LIBRARIES = YES;
				BUNDLE_LOADER = "$(TEST_HOST)";
				INFOPLIST_FILE = "Cat YearsTests/Info.plist";
				LD_RUNPATH_SEARCH_PATHS = "$(inherited) @executable_path/Frameworks @loader_path/Frameworks";
				PRODUCT_BUNDLE_IDENTIFIER = "Nik.Cat-YearsTests";
				PRODUCT_NAME = "$(TARGET_NAME)";
				SWIFT_VERSION = 3.0;
				TEST_HOST = "$(BUILT_PRODUCTS_DIR)/Cat Years.app/Cat Years";
			};
			name = Release;
		};
		24CE75701EAD23E700A895EC /* Debug */ = {
			isa = XCBuildConfiguration;
			buildSettings = {
				ALWAYS_EMBED_SWIFT_STANDARD_LIBRARIES = YES;
				INFOPLIST_FILE = "Cat YearsUITests/Info.plist";
				LD_RUNPATH_SEARCH_PATHS = "$(inherited) @executable_path/Frameworks @loader_path/Frameworks";
				PRODUCT_BUNDLE_IDENTIFIER = "Nik.Cat-YearsUITests";
				PRODUCT_NAME = "$(TARGET_NAME)";
				SWIFT_VERSION = 3.0;
				TEST_TARGET_NAME = "Cat Years";
			};
			name = Debug;
		};
		24CE75711EAD23E700A895EC /* Release */ = {
			isa = XCBuildConfiguration;
			buildSettings = {
				ALWAYS_EMBED_SWIFT_STANDARD_LIBRARIES = YES;
				INFOPLIST_FILE = "Cat YearsUITests/Info.plist";
				LD_RUNPATH_SEARCH_PATHS = "$(inherited) @executable_path/Frameworks @loader_path/Frameworks";
				PRODUCT_BUNDLE_IDENTIFIER = "Nik.Cat-YearsUITests";
				PRODUCT_NAME = "$(TARGET_NAME)";
				SWIFT_VERSION = 3.0;
				TEST_TARGET_NAME = "Cat Years";
			};
			name = Release;
		};
/* End XCBuildConfiguration section */

/* Begin XCConfigurationList section */
		24CE753C1EAD23E600A895EC /* Build configuration list for PBXProject "Cat Years" */ = {
			isa = XCConfigurationList;
			buildConfigurations = (
				24CE75671EAD23E700A895EC /* Debug */,
				24CE75681EAD23E700A895EC /* Release */,
			);
			defaultConfigurationIsVisible = 0;
			defaultConfigurationName = Release;
		};
		24CE75691EAD23E700A895EC /* Build configuration list for PBXNativeTarget "Cat Years" */ = {
			isa = XCConfigurationList;
			buildConfigurations = (
				24CE756A1EAD23E700A895EC /* Debug */,
				24CE756B1EAD23E700A895EC /* Release */,
			);
			defaultConfigurationIsVisible = 0;
		};
		24CE756C1EAD23E700A895EC /* Build configuration list for PBXNativeTarget "Cat YearsTests" */ = {
			isa = XCConfigurationList;
			buildConfigurations = (
				24CE756D1EAD23E700A895EC /* Debug */,
				24CE756E1EAD23E700A895EC /* Release */,
			);
			defaultConfigurationIsVisible = 0;
		};
		24CE756F1EAD23E700A895EC /* Build configuration list for PBXNativeTarget "Cat YearsUITests" */ = {
			isa = XCConfigurationList;
			buildConfigurations = (
				24CE75701EAD23E700A895EC /* Debug */,
				24CE75711EAD23E700A895EC /* Release */,
			);
			defaultConfigurationIsVisible = 0;
		};
/* End XCConfigurationList section */
	};
	rootObject = 24CE75391EAD23E600A895EC /* Project object */;
}
